{
    "_meta": {
        "hash": {
            "sha256": "907cb6a20821cb2c1c78623d1806118e46d2211a22ca5137a2ec84ff528faa12"
        },
        "pipfile-spec": 6,
        "requires": {
            "python_version": "3.10"
        },
        "sources": [
            {
                "name": "pypi",
                "url": "https://pypi.org/simple",
                "verify_ssl": true
            }
        ]
    },
    "default": {
        "antlr4-python3-runtime": {
            "hashes": [
                "sha256:f224469b4168294902bb1efa80a8bf7855f24c99aef99cbefc1bcd3cce77881b"
            ],
            "version": "==4.9.3"
        },
        "click": {
            "hashes": [
                "sha256:63c132bbbed01578a06712a2d1f497bb62d9c1c0d329b7903a866228027263b2",
                "sha256:ed53c9d8990d83c2a27deae68e4ee337473f6330c040a31d4225c9574d16096a"
            ],
            "markers": "python_version >= '3.7'",
            "version": "==8.1.8"
        },
        "cloudpickle": {
            "hashes": [
                "sha256:b216fa8ae4019d5482a8ac3c95d8f6346115d8835911fd4aefd1a445e4242c64",
                "sha256:c8c5a44295039331ee9dad40ba100a9c7297b6f988e50e87ccdf3765a668350e"
            ],
            "markers": "python_version >= '3.8'",
            "version": "==3.1.1"
        },
        "demucs": {
            "hashes": [
                "sha256:e45a5a788bae79767c37bbf6e69aae03862ddcca05550fb79b926346a177d713"
            ],
            "index": "pypi",
            "version": "==4.0.1"
        },
        "dora-search": {
            "hashes": [
                "sha256:2956fd2c4c7e4b9a4830e83f0d4cf961be45cfba1a2f0570281e91d15ac516fb"
            ],
            "markers": "python_version >= '3.7'",
            "version": "==0.1.12"
        },
        "einops": {
            "hashes": [
                "sha256:63486517fed345712a8385c100cb279108d9d47e6ae59099b07657e983deae85",
                "sha256:9572fb63046264a862693b0a87088af3bdc8c068fde03de63453cbbde245465f"
            ],
            "markers": "python_version >= '3.8'",
            "version": "==0.8.0"
        },
        "filelock": {
            "hashes": [
                "sha256:533dc2f7ba78dc2f0f531fc6c4940addf7b70a481e269a5a3b93be94ffbe8338",
                "sha256:ee4e77401ef576ebb38cd7f13b9b28893194acc20a8e68e18730ba9c0e54660e"
            ],
            "markers": "python_version >= '3.9'",
            "version": "==3.17.0"
        },
        "fsspec": {
            "hashes": [
                "sha256:670700c977ed2fb51e0d9f9253177ed20cbde4a3e5c0283cc5385b5870c8533f",
                "sha256:b520aed47ad9804237ff878b504267a3b0b441e97508bd6d2d8774e3db85cee2"
            ],
            "markers": "python_version >= '3.8'",
            "version": "==2024.12.0"
        },
        "jinja2": {
            "hashes": [
                "sha256:8fefff8dc3034e27bb80d67c671eb8a9bc424c0ef4c0826edbff304cceff43bb",
                "sha256:aba0f4dc9ed8013c424088f68a5c226f7d6097ed89b246d7749c2ec4175c6adb"
            ],
            "markers": "python_version >= '3.7'",
            "version": "==3.1.5"
        },
        "julius": {
            "hashes": [
                "sha256:3c0f5f5306d7d6016fcc95196b274cae6f07e2c9596eed314e4e7641554fbb08"
            ],
            "markers": "python_full_version >= '3.6.0'",
            "version": "==0.2.7"
        },
        "lameenc": {
            "hashes": [
                "sha256:01899b612e4c8638cab3285b37c3e512f672333342a94d4ff71577b2f707dc48",
                "sha256:0399f7dec7c8d626c913023a3c7cbd89314dab6f0e67ac4a335a4a4cb8c23de3",
                "sha256:12d6331c7b80c1e51a215f8d516ded90d79e3e95e7578b34268ac1b143ecf29d",
                "sha256:17476cc2df4a7cb4fe0ab849a9f40ff5f07565fa6701dbd464240b3f384b5a0e",
                "sha256:1ef8f8ad8de7a038aa0624efc6c585ad600c7e6d34acc2583631883027bd6752",
                "sha256:23ad864875269b0b7210f9cddcbfd0b2521108f0c1ca537a39a6697347713138",
                "sha256:26720094ed7cb9f3364f79fdc7ad3459aabb71b94f30936dfe0ad7430078af07",
                "sha256:30a9d7aa41b685d7be0c9a39a5ecf734381be8c42c31cdc5aa3764755e11b0a8",
                "sha256:3ca88a3ac5848b3ade75777288c309b2db18fa0788c140811b3852533d9dc291",
                "sha256:40973c2195b8ff8d20c0bed0f491e39e491661849d003c918d19eea2234f7af7",
                "sha256:431b3db73e0b3b182398526fd7d8491fda5798638bb9e5978e54781a544042ad",
                "sha256:479a391885921549b80fd25144fd2651abb6a22b18654bc2ba7cc302e53a9ce4",
                "sha256:495dda9848601492b7fb25ef41027bc3358b9b3f6d302346ebf9570f44188f63",
                "sha256:510bcd1cb28fad751a8a85c41fc5af8c1babbe6c8bf58b1db31d4f82389ea79e",
                "sha256:566d51e2a30b61744341d62200a8fb92aa7c5c4dc358a0d9f367f87b2485c949",
                "sha256:5b8464e4ce61126fffc4e15b08daea2f9dda4853bcb5e5ead9e59030cbce996b",
                "sha256:5bdf253e50a853e7f2df31e174b669ee861ed045b1de99cf07adf650ea2610f8",
                "sha256:60a3b4713f382e84b095fa525c59af2c456efb0bea54f2cd920c12174ba9b3f2",
                "sha256:66d3a64f21ed73d23c9c50347173222a36da2397180e28b07b3a7b253f05a6e8",
                "sha256:68dbacf39fc049dae22b08614d363d3293822d7255908b1bfe50d51c1a0fd6a1",
                "sha256:693811c7e73309f052a665910f9eceb667d4486315c3f5827a0eb59205373466",
                "sha256:693a6cb42494dde1ae78756f1323b07dea041a152a1f4805639490bfea0e9ba3",
                "sha256:70fdbc3e5bc39185c4a893f4e856bdfc20f8713f8f34450107dec9411c8d9863",
                "sha256:715e0e72ed5429f00042379e48a7903e54ee5dc01069db34338536f3595059c3",
                "sha256:7972e7b1373fcbbf601efc3916f79b9da2bbe56835de86bc67a4fdb62e7a481c",
                "sha256:83e8d1195074e36647082ae5b062b40a7433a7d840a543d70e2fd7c62e877d65",
                "sha256:884b8c50cccd6ab8f853bb73c45c7d4196415990c77f5d65bcc78034e19dda67",
                "sha256:8a3ebb5806bdaf0cdf8a6a3b7ef0a5fb8a0eb4113192d73edce034f430d86663",
                "sha256:8d2714678e5d9647d03aa40fb5f400409e3d017f48c4d88b65c5cc0a4664d914",
                "sha256:8d974f1a9abb80c289fed02bc965833a07b5f9c9973d696b247e35951357ac7a",
                "sha256:8f3d5cf40bf14feae0342d914b8e234ed6adde43c7c867c28a61dce5961fb8d3",
                "sha256:8f64e0486e2081029bbc1477a1c619519ca3ff89270cf6e2802d9a3466c367a7",
                "sha256:911feec52f7af6aee6d93fb2741bb745987df88b14e82383c6f801bb6fa2833f",
                "sha256:9614c0624311cc61c26d86be385c96127a5c86e7a616b020975d672f3bbd766e",
                "sha256:9a5ef0cc37481fce4c9178155ce6c33f70f5bae81a33677805f5e5a4ab69de71",
                "sha256:9cd6a545652d5bdc9a55483f50d153844d0ee790f9b45997717a0be578ad4db1",
                "sha256:9d8be69c3e5fd98ce4f16ed1d76705178bae2eac25749e1d825e9aa7193f05bb",
                "sha256:9dd0b6bb05cea672abb942e159b2afebc1dfee1f2b0e5150164a970dd0904bc4",
                "sha256:a3a5b09f073ef0814e74a3de30b0b1056b4eeb92d8ec73cde822d32c5d7e1cf4",
                "sha256:a70c8199ad47016c466b6c784924f9a2b87a3379e194345b01158e8b320a76fc",
                "sha256:a76e524abc648e10f6793dc101dd2d58665fe4608f7c612ea1548b7e2b9bae3c",
                "sha256:a86f51bc50421db8e122c627bc2d0e7526da4505ebb6699c20c8b7352cb8df19",
                "sha256:a875751e6b52db71ed248f34d4c447161519f4c463ab6b42a81b7eaecd5f37b1",
                "sha256:a9787640264f05a58d1f6f876604cdf8d0f1bb7a7dc267a0c97b575149a1b95c",
                "sha256:abdf7e03b16a34c7fe7c1ab0cc1f9ea78a088b0cd5e8628273bf110de2a8ea49",
                "sha256:ad79509328fa22bac66d92a85dbfa5afb88edb69cebb79f7fee8b77d6cdd1b67",
                "sha256:b6b4f4318e43314da20caad14c0d884546e90abdd4c7fe884c6558db355c8efb",
                "sha256:b7f24f1a40196a4b3e9b675f2bf047566e1b60649754b28e8fb0b48b1011b1c9",
                "sha256:be24fb87390cd9464d30eef2c8a6251fec766d00922fd30bd76e531b6ecfdf12",
                "sha256:c2b28e135a056b5ac37ed9acb8dbfcbf71cc4f0d192f5a794ad5101522a5320f",
                "sha256:c5fa96b300d27785c3110f566961bd97487c98023ee88d0822ca7c9af0fd9b89",
                "sha256:c939957a0537cc3a131dd2c2bbdd6f5c818c6b99f446367a9d4f6eb0061e637a",
                "sha256:c980a676314d3c344f080be8ef05c98d60d201da6a492c3658c6bf5a733a1e11",
                "sha256:d765b3b20baedc87286e199554975074f9f9799a13b6bddb88baae0f3aeb8904",
                "sha256:e21ec614d758b29e042a484e44318725543c3fcd4e4afeb685295efd97aa9a1f",
                "sha256:e4bf9c20e41a66964ff5c2f0ab3072cd39df9fc19ecc419ad8ef0c9bb1e80ac1",
                "sha256:ed71b804c113a80030dca87e24d7ecb2f9299cc8e62721a5ce56955b59436c90",
                "sha256:ef7d7ccad32f5febd812fb078fe63e46b4ec411d2ef612a79fd0391ef9f65b35",
                "sha256:f199c12b84614bb1edf5dca4aee15920148fe6a9187045f8db66b97afd401157",
                "sha256:f44482d6ea834358f381d904ba8cac7b2af060c1fcc7227ec46d38a16f6741fa",
                "sha256:fb2b225deb124888a1b64a8be8f016347292cde91339d3c20aa79650542a353e"
            ],
            "version": "==1.8.1"
        },
        "markdown-it-py": {
            "hashes": [
                "sha256:355216845c60bd96232cd8d8c40e8f9765cc86f46880e43a8fd22dc1a1a8cab1",
                "sha256:e3f60a94fa066dc52ec76661e37c851cb232d92f9886b15cb560aaada2df8feb"
            ],
            "markers": "python_version >= '3.8'",
            "version": "==3.0.0"
        },
        "markupsafe": {
            "hashes": [
                "sha256:0bff5e0ae4ef2e1ae4fdf2dfd5b76c75e5c2fa4132d05fc1b0dabcd20c7e28c4",
                "sha256:0f4ca02bea9a23221c0182836703cbf8930c5e9454bacce27e767509fa286a30",
                "sha256:1225beacc926f536dc82e45f8a4d68502949dc67eea90eab715dea3a21c1b5f0",
                "sha256:131a3c7689c85f5ad20f9f6fb1b866f402c445b220c19fe4308c0b147ccd2ad9",
                "sha256:15ab75ef81add55874e7ab7055e9c397312385bd9ced94920f2802310c930396",
                "sha256:1a9d3f5f0901fdec14d8d2f66ef7d035f2157240a433441719ac9a3fba440b13",
                "sha256:1c99d261bd2d5f6b59325c92c73df481e05e57f19837bdca8413b9eac4bd8028",
                "sha256:1e084f686b92e5b83186b07e8a17fc09e38fff551f3602b249881fec658d3eca",
                "sha256:2181e67807fc2fa785d0592dc2d6206c019b9502410671cc905d132a92866557",
                "sha256:2cb8438c3cbb25e220c2ab33bb226559e7afb3baec11c4f218ffa7308603c832",
                "sha256:3169b1eefae027567d1ce6ee7cae382c57fe26e82775f460f0b2778beaad66c0",
                "sha256:3809ede931876f5b2ec92eef964286840ed3540dadf803dd570c3b7e13141a3b",
                "sha256:38a9ef736c01fccdd6600705b09dc574584b89bea478200c5fbf112a6b0d5579",
                "sha256:3d79d162e7be8f996986c064d1c7c817f6df3a77fe3d6859f6f9e7be4b8c213a",
                "sha256:444dcda765c8a838eaae23112db52f1efaf750daddb2d9ca300bcae1039adc5c",
                "sha256:48032821bbdf20f5799ff537c7ac3d1fba0ba032cfc06194faffa8cda8b560ff",
                "sha256:4aa4e5faecf353ed117801a068ebab7b7e09ffb6e1d5e412dc852e0da018126c",
                "sha256:52305740fe773d09cffb16f8ed0427942901f00adedac82ec8b67752f58a1b22",
                "sha256:569511d3b58c8791ab4c2e1285575265991e6d8f8700c7be0e88f86cb0672094",
                "sha256:57cb5a3cf367aeb1d316576250f65edec5bb3be939e9247ae594b4bcbc317dfb",
                "sha256:5b02fb34468b6aaa40dfc198d813a641e3a63b98c2b05a16b9f80b7ec314185e",
                "sha256:6381026f158fdb7c72a168278597a5e3a5222e83ea18f543112b2662a9b699c5",
                "sha256:6af100e168aa82a50e186c82875a5893c5597a0c1ccdb0d8b40240b1f28b969a",
                "sha256:6c89876f41da747c8d3677a2b540fb32ef5715f97b66eeb0c6b66f5e3ef6f59d",
                "sha256:6e296a513ca3d94054c2c881cc913116e90fd030ad1c656b3869762b754f5f8a",
                "sha256:70a87b411535ccad5ef2f1df5136506a10775d267e197e4cf531ced10537bd6b",
                "sha256:7e94c425039cde14257288fd61dcfb01963e658efbc0ff54f5306b06054700f8",
                "sha256:846ade7b71e3536c4e56b386c2a47adf5741d2d8b94ec9dc3e92e5e1ee1e2225",
                "sha256:88416bd1e65dcea10bc7569faacb2c20ce071dd1f87539ca2ab364bf6231393c",
                "sha256:88b49a3b9ff31e19998750c38e030fc7bb937398b1f78cfa599aaef92d693144",
                "sha256:8c4e8c3ce11e1f92f6536ff07154f9d49677ebaaafc32db9db4620bc11ed480f",
                "sha256:8e06879fc22a25ca47312fbe7c8264eb0b662f6db27cb2d3bbbc74b1df4b9b87",
                "sha256:9025b4018f3a1314059769c7bf15441064b2207cb3f065e6ea1e7359cb46db9d",
                "sha256:93335ca3812df2f366e80509ae119189886b0f3c2b81325d39efdb84a1e2ae93",
                "sha256:9778bd8ab0a994ebf6f84c2b949e65736d5575320a17ae8984a77fab08db94cf",
                "sha256:9e2d922824181480953426608b81967de705c3cef4d1af983af849d7bd619158",
                "sha256:a123e330ef0853c6e822384873bef7507557d8e4a082961e1defa947aa59ba84",
                "sha256:a904af0a6162c73e3edcb969eeeb53a63ceeb5d8cf642fade7d39e7963a22ddb",
                "sha256:ad10d3ded218f1039f11a75f8091880239651b52e9bb592ca27de44eed242a48",
                "sha256:b424c77b206d63d500bcb69fa55ed8d0e6a3774056bdc4839fc9298a7edca171",
                "sha256:b5a6b3ada725cea8a5e634536b1b01c30bcdcd7f9c6fff4151548d5bf6b3a36c",
                "sha256:ba8062ed2cf21c07a9e295d5b8a2a5ce678b913b45fdf68c32d95d6c1291e0b6",
                "sha256:ba9527cdd4c926ed0760bc301f6728ef34d841f405abf9d4f959c478421e4efd",
                "sha256:bbcb445fa71794da8f178f0f6d66789a28d7319071af7a496d4d507ed566270d",
                "sha256:bcf3e58998965654fdaff38e58584d8937aa3096ab5354d493c77d1fdd66d7a1",
                "sha256:c0ef13eaeee5b615fb07c9a7dadb38eac06a0608b41570d8ade51c56539e509d",
                "sha256:cabc348d87e913db6ab4aa100f01b08f481097838bdddf7c7a84b7575b7309ca",
                "sha256:cdb82a876c47801bb54a690c5ae105a46b392ac6099881cdfb9f6e95e4014c6a",
                "sha256:cfad01eed2c2e0c01fd0ecd2ef42c492f7f93902e39a42fc9ee1692961443a29",
                "sha256:d16a81a06776313e817c951135cf7340a3e91e8c1ff2fac444cfd75fffa04afe",
                "sha256:d8213e09c917a951de9d09ecee036d5c7d36cb6cb7dbaece4c71a60d79fb9798",
                "sha256:e07c3764494e3776c602c1e78e298937c3315ccc9043ead7e685b7f2b8d47b3c",
                "sha256:e17c96c14e19278594aa4841ec148115f9c7615a47382ecb6b82bd8fea3ab0c8",
                "sha256:e444a31f8db13eb18ada366ab3cf45fd4b31e4db1236a4448f68778c1d1a5a2f",
                "sha256:e6a2a455bd412959b57a172ce6328d2dd1f01cb2135efda2e4576e8a23fa3b0f",
                "sha256:eaa0a10b7f72326f1372a713e73c3f739b524b3af41feb43e4921cb529f5929a",
                "sha256:eb7972a85c54febfb25b5c4b4f3af4dcc731994c7da0d8a0b4a6eb0640e1d178",
                "sha256:ee55d3edf80167e48ea11a923c7386f4669df67d7994554387f84e7d8b0a2bf0",
                "sha256:f3818cb119498c0678015754eba762e0d61e5b52d34c8b13d770f0719f7b1d79",
                "sha256:f8b3d067f2e40fe93e1ccdd6b2e1d16c43140e76f02fb1319a05cf2b79d99430",
                "sha256:fcabf5ff6eea076f859677f5f0b6b5c1a51e70a376b0579e0eadef8db48c6b50"
            ],
            "markers": "python_version >= '3.9'",
            "version": "==3.0.2"
        },
        "mdurl": {
            "hashes": [
                "sha256:84008a41e51615a49fc9966191ff91509e3c40b939176e643fd50a5c2196b8f8",
                "sha256:bb413d29f5eea38f31dd4754dd7377d4465116fb207585f97bf925588687c1ba"
            ],
            "markers": "python_version >= '3.7'",
            "version": "==0.1.2"
        },
        "mpmath": {
            "hashes": [
                "sha256:7a28eb2a9774d00c7bc92411c19a89209d5da7c4c9a9e227be8330a23a25b91f",
                "sha256:a0b2b9fe80bbcd81a6647ff13108738cfb482d481d826cc0e02f5b35e5c88d2c"
            ],
            "version": "==1.3.0"
        },
        "networkx": {
            "hashes": [
                "sha256:307c3669428c5362aab27c8a1260aa8f47c4e91d3891f48be0141738d8d053e1",
                "sha256:df5d4365b724cf81b8c6a7312509d0c22386097011ad1abe274afd5e9d3bbc5f"
            ],
            "markers": "python_version >= '3.10'",
            "version": "==3.4.2"
        },
        "numpy": {
            "hashes": [
                "sha256:02935e2c3c0c6cbe9c7955a8efa8908dd4221d7755644c59d1bba28b94fd334f",
                "sha256:0349b025e15ea9d05c3d63f9657707a4e1d471128a3b1d876c095f328f8ff7f0",
                "sha256:09d6a2032faf25e8d0cadde7fd6145118ac55d2740132c1d845f98721b5ebcfd",
                "sha256:0bc61b307655d1a7f9f4b043628b9f2b721e80839914ede634e3d485913e1fb2",
                "sha256:0eec19f8af947a61e968d5429f0bd92fec46d92b0008d0a6685b40d6adf8a4f4",
                "sha256:106397dbbb1896f99e044efc90360d098b3335060375c26aa89c0d8a97c5f648",
                "sha256:128c41c085cab8a85dc29e66ed88c05613dccf6bc28b3866cd16050a2f5448be",
                "sha256:149d1113ac15005652e8d0d3f6fd599360e1a708a4f98e43c9c77834a28238cb",
                "sha256:159ff6ee4c4a36a23fe01b7c3d07bd8c14cc433d9720f977fcd52c13c0098160",
                "sha256:22ea3bb552ade325530e72a0c557cdf2dea8914d3a5e1fecf58fa5dbcc6f43cd",
                "sha256:23ae9f0c2d889b7b2d88a3791f6c09e2ef827c2446f1c4a3e3e76328ee4afd9a",
                "sha256:250c16b277e3b809ac20d1f590716597481061b514223c7badb7a0f9993c7f84",
                "sha256:2ec6c689c61df613b783aeb21f945c4cbe6c51c28cb70aae8430577ab39f163e",
                "sha256:2ffbb1acd69fdf8e89dd60ef6182ca90a743620957afb7066385a7bbe88dc748",
                "sha256:3074634ea4d6df66be04f6728ee1d173cfded75d002c75fac79503a880bf3825",
                "sha256:356ca982c188acbfa6af0d694284d8cf20e95b1c3d0aefa8929376fea9146f60",
                "sha256:3fbe72d347fbc59f94124125e73fc4976a06927ebc503ec5afbfb35f193cd957",
                "sha256:40c7ff5da22cd391944a28c6a9c638a5eef77fcf71d6e3a79e1d9d9e82752715",
                "sha256:41184c416143defa34cc8eb9d070b0a5ba4f13a0fa96a709e20584638254b317",
                "sha256:451e854cfae0febe723077bd0cf0a4302a5d84ff25f0bfece8f29206c7bed02e",
                "sha256:4525b88c11906d5ab1b0ec1f290996c0020dd318af8b49acaa46f198b1ffc283",
                "sha256:463247edcee4a5537841d5350bc87fe8e92d7dd0e8c71c995d2c6eecb8208278",
                "sha256:4dbd80e453bd34bd003b16bd802fac70ad76bd463f81f0c518d1245b1c55e3d9",
                "sha256:57b4012e04cc12b78590a334907e01b3a85efb2107df2b8733ff1ed05fce71de",
                "sha256:5a8c863ceacae696aff37d1fd636121f1a512117652e5dfb86031c8d84836369",
                "sha256:5acea83b801e98541619af398cc0109ff48016955cc0818f478ee9ef1c5c3dcb",
                "sha256:642199e98af1bd2b6aeb8ecf726972d238c9877b0f6e8221ee5ab945ec8a2189",
                "sha256:64bd6e1762cd7f0986a740fee4dff927b9ec2c5e4d9a28d056eb17d332158014",
                "sha256:6d9fc9d812c81e6168b6d405bf00b8d6739a7f72ef22a9214c4241e0dc70b323",
                "sha256:7079129b64cb78bdc8d611d1fd7e8002c0a2565da6a47c4df8062349fee90e3e",
                "sha256:7dca87ca328f5ea7dafc907c5ec100d187911f94825f8700caac0b3f4c384b49",
                "sha256:860fd59990c37c3ef913c3ae390b3929d005243acca1a86facb0773e2d8d9e50",
                "sha256:8e6da5cffbbe571f93588f562ed130ea63ee206d12851b60819512dd3e1ba50d",
                "sha256:8ec0636d3f7d68520afc6ac2dc4b8341ddb725039de042faf0e311599f54eb37",
                "sha256:9491100aba630910489c1d0158034e1c9a6546f0b1340f716d522dc103788e39",
                "sha256:97b974d3ba0fb4612b77ed35d7627490e8e3dff56ab41454d9e8b23448940576",
                "sha256:995f9e8181723852ca458e22de5d9b7d3ba4da3f11cc1cb113f093b271d7965a",
                "sha256:9dd47ff0cb2a656ad69c38da850df3454da88ee9a6fde0ba79acceee0e79daba",
                "sha256:9fad446ad0bc886855ddf5909cbf8cb5d0faa637aaa6277fb4b19ade134ab3c7",
                "sha256:a972cec723e0563aa0823ee2ab1df0cb196ed0778f173b381c871a03719d4826",
                "sha256:ac9bea18d6d58a995fac1b2cb4488e17eceeac413af014b1dd26170b766d8467",
                "sha256:b0531f0b0e07643eb089df4c509d30d72c9ef40defa53e41363eca8a8cc61495",
                "sha256:b208cfd4f5fe34e1535c08983a1a6803fdbc7a1e86cf13dd0c61de0b51a0aadc",
                "sha256:b3482cb7b3325faa5f6bc179649406058253d91ceda359c104dac0ad320e1391",
                "sha256:b6fb9c32a91ec32a689ec6410def76443e3c750e7cfc3fb2206b985ffb2b85f0",
                "sha256:b78ea78450fd96a498f50ee096f69c75379af5138f7881a51355ab0e11286c97",
                "sha256:bd249bc894af67cbd8bad2c22e7cbcd46cf87ddfca1f1289d1e7e54868cc785c",
                "sha256:c7d1fd447e33ee20c1f33f2c8e6634211124a9aabde3c617687d8b739aa69eac",
                "sha256:d0bbe7dd86dca64854f4b6ce2ea5c60b51e36dfd597300057cf473d3615f2369",
                "sha256:d6d6a0910c3b4368d89dde073e630882cdb266755565155bc33520283b2d9df8",
                "sha256:da1eeb460ecce8d5b8608826595c777728cdf28ce7b5a5a8c8ac8d949beadcf2",
                "sha256:e0c8854b09bc4de7b041148d8550d3bd712b5c21ff6a8ed308085f190235d7ff",
                "sha256:e0d4142eb40ca6f94539e4db929410f2a46052a0fe7a2c1c59f6179c39938d2a",
                "sha256:e9e82dcb3f2ebbc8cb5ce1102d5f1c5ed236bf8a11730fb45ba82e2841ec21df",
                "sha256:ed6906f61834d687738d25988ae117683705636936cc605be0bb208b23df4d8f"
            ],
            "markers": "python_version >= '3.10'",
            "version": "==2.2.2"
        },
        "omegaconf": {
            "hashes": [
                "sha256:7b4df175cdb08ba400f45cae3bdcae7ba8365db4d165fc65fd04b050ab63b46b",
                "sha256:d5d4b6d29955cc50ad50c46dc269bcd92c6e00f5f90d23ab5fee7bfca4ba4cc7"
            ],
            "markers": "python_full_version >= '3.6.0'",
            "version": "==2.3.0"
        },
        "openunmix": {
            "hashes": [
                "sha256:cc9245ce728700f5d0b72c67f01be4162777e617cdc47f9b035963afac180fc8",
                "sha256:e893ae22c5b8001a6107022499c2587b70d5c2e4777cc7c9ed6272b68a69534e"
            ],
            "markers": "python_version >= '3.9'",
            "version": "==1.3.0"
        },
        "pygments": {
            "hashes": [
                "sha256:61c16d2a8576dc0649d9f39e089b5f02bcd27fba10d8fb4dcc28173f7a45151f",
                "sha256:9ea1544ad55cecf4b8242fab6dd35a93bbce657034b0611ee383099054ab6d8c"
            ],
            "markers": "python_version >= '3.8'",
            "version": "==2.19.1"
        },
        "pyyaml": {
            "hashes": [
                "sha256:01179a4a8559ab5de078078f37e5c1a30d76bb88519906844fd7bdea1b7729ff",
                "sha256:0833f8694549e586547b576dcfaba4a6b55b9e96098b36cdc7ebefe667dfed48",
                "sha256:0a9a2848a5b7feac301353437eb7d5957887edbf81d56e903999a75a3d743086",
                "sha256:0b69e4ce7a131fe56b7e4d770c67429700908fc0752af059838b1cfb41960e4e",
                "sha256:0ffe8360bab4910ef1b9e87fb812d8bc0a308b0d0eef8c8f44e0254ab3b07133",
                "sha256:11d8f3dd2b9c1207dcaf2ee0bbbfd5991f571186ec9cc78427ba5bd32afae4b5",
                "sha256:17e311b6c678207928d649faa7cb0d7b4c26a0ba73d41e99c4fff6b6c3276484",
                "sha256:1e2120ef853f59c7419231f3bf4e7021f1b936f6ebd222406c3b60212205d2ee",
                "sha256:1f71ea527786de97d1a0cc0eacd1defc0985dcf6b3f17bb77dcfc8c34bec4dc5",
                "sha256:23502f431948090f597378482b4812b0caae32c22213aecf3b55325e049a6c68",
                "sha256:24471b829b3bf607e04e88d79542a9d48bb037c2267d7927a874e6c205ca7e9a",
                "sha256:29717114e51c84ddfba879543fb232a6ed60086602313ca38cce623c1d62cfbf",
                "sha256:2e99c6826ffa974fe6e27cdb5ed0021786b03fc98e5ee3c5bfe1fd5015f42b99",
                "sha256:39693e1f8320ae4f43943590b49779ffb98acb81f788220ea932a6b6c51004d8",
                "sha256:3ad2a3decf9aaba3d29c8f537ac4b243e36bef957511b4766cb0057d32b0be85",
                "sha256:3b1fdb9dc17f5a7677423d508ab4f243a726dea51fa5e70992e59a7411c89d19",
                "sha256:41e4e3953a79407c794916fa277a82531dd93aad34e29c2a514c2c0c5fe971cc",
                "sha256:43fa96a3ca0d6b1812e01ced1044a003533c47f6ee8aca31724f78e93ccc089a",
                "sha256:50187695423ffe49e2deacb8cd10510bc361faac997de9efef88badc3bb9e2d1",
                "sha256:5ac9328ec4831237bec75defaf839f7d4564be1e6b25ac710bd1a96321cc8317",
                "sha256:5d225db5a45f21e78dd9358e58a98702a0302f2659a3c6cd320564b75b86f47c",
                "sha256:6395c297d42274772abc367baaa79683958044e5d3835486c16da75d2a694631",
                "sha256:688ba32a1cffef67fd2e9398a2efebaea461578b0923624778664cc1c914db5d",
                "sha256:68ccc6023a3400877818152ad9a1033e3db8625d899c72eacb5a668902e4d652",
                "sha256:70b189594dbe54f75ab3a1acec5f1e3faa7e8cf2f1e08d9b561cb41b845f69d5",
                "sha256:797b4f722ffa07cc8d62053e4cff1486fa6dc094105d13fea7b1de7d8bf71c9e",
                "sha256:7c36280e6fb8385e520936c3cb3b8042851904eba0e58d277dca80a5cfed590b",
                "sha256:7e7401d0de89a9a855c839bc697c079a4af81cf878373abd7dc625847d25cbd8",
                "sha256:80bab7bfc629882493af4aa31a4cfa43a4c57c83813253626916b8c7ada83476",
                "sha256:82d09873e40955485746739bcb8b4586983670466c23382c19cffecbf1fd8706",
                "sha256:8388ee1976c416731879ac16da0aff3f63b286ffdd57cdeb95f3f2e085687563",
                "sha256:8824b5a04a04a047e72eea5cec3bc266db09e35de6bdfe34c9436ac5ee27d237",
                "sha256:8b9c7197f7cb2738065c481a0461e50ad02f18c78cd75775628afb4d7137fb3b",
                "sha256:9056c1ecd25795207ad294bcf39f2db3d845767be0ea6e6a34d856f006006083",
                "sha256:936d68689298c36b53b29f23c6dbb74de12b4ac12ca6cfe0e047bedceea56180",
                "sha256:9b22676e8097e9e22e36d6b7bda33190d0d400f345f23d4065d48f4ca7ae0425",
                "sha256:a4d3091415f010369ae4ed1fc6b79def9416358877534caf6a0fdd2146c87a3e",
                "sha256:a8786accb172bd8afb8be14490a16625cbc387036876ab6ba70912730faf8e1f",
                "sha256:a9f8c2e67970f13b16084e04f134610fd1d374bf477b17ec1599185cf611d725",
                "sha256:bc2fa7c6b47d6bc618dd7fb02ef6fdedb1090ec036abab80d4681424b84c1183",
                "sha256:c70c95198c015b85feafc136515252a261a84561b7b1d51e3384e0655ddf25ab",
                "sha256:cc1c1159b3d456576af7a3e4d1ba7e6924cb39de8f67111c735f6fc832082774",
                "sha256:ce826d6ef20b1bc864f0a68340c8b3287705cae2f8b4b1d932177dcc76721725",
                "sha256:d584d9ec91ad65861cc08d42e834324ef890a082e591037abe114850ff7bbc3e",
                "sha256:d7fded462629cfa4b685c5416b949ebad6cec74af5e2d42905d41e257e0869f5",
                "sha256:d84a1718ee396f54f3a086ea0a66d8e552b2ab2017ef8b420e92edbc841c352d",
                "sha256:d8e03406cac8513435335dbab54c0d385e4a49e4945d2909a581c83647ca0290",
                "sha256:e10ce637b18caea04431ce14fabcf5c64a1c61ec9c56b071a4b7ca131ca52d44",
                "sha256:ec031d5d2feb36d1d1a24380e4db6d43695f3748343d99434e6f5f9156aaa2ed",
                "sha256:ef6107725bd54b262d6dedcc2af448a266975032bc85ef0172c5f059da6325b4",
                "sha256:efdca5630322a10774e8e98e1af481aad470dd62c3170801852d752aa7a783ba",
                "sha256:f753120cb8181e736c57ef7636e83f31b9c0d1722c516f7e86cf15b7aa57ff12",
                "sha256:ff3824dc5261f50c9b0dfb3be22b4567a6f938ccce4587b38952d85fd9e9afe4"
            ],
            "markers": "python_version >= '3.8'",
            "version": "==6.0.2"
        },
        "retrying": {
            "hashes": [
                "sha256:345da8c5765bd982b1d1915deb9102fd3d1f7ad16bd84a9700b85f64d24e8f3e",
                "sha256:8cc4d43cb8e1125e0ff3344e9de678fefd85db3b750b81b2240dc0183af37b35"
            ],
            "version": "==1.3.4"
        },
        "rich": {
            "hashes": [
                "sha256:439594978a49a09530cff7ebc4b5c7103ef57baf48d5ea3184f21d9a2befa098",
                "sha256:6049d5e6ec054bf2779ab3358186963bac2ea89175919d699e378b99738c2a90"
            ],
            "markers": "python_version >= '3.8'",
            "version": "==13.9.4"
        },
        "shellingham": {
            "hashes": [
                "sha256:7ecfff8f2fd72616f7481040475a65b2bf8af90a56c89140852d1120324e8686",
                "sha256:8dbca0739d487e5bd35ab3ca4b36e11c4078f3a234bfce294b0a0291363404de"
            ],
            "markers": "python_version >= '3.7'",
            "version": "==1.5.4"
        },
        "six": {
            "hashes": [
                "sha256:4721f391ed90541fddacab5acf947aa0d3dc7d27b2e1e8eda2be8970586c3274",
                "sha256:ff70335d468e7eb6ec65b95b99d3a2836546063f63acc5171de367e834932a81"
            ],
            "markers": "python_version >= '2.7' and python_version not in '3.0, 3.1, 3.2, 3.3'",
            "version": "==1.17.0"
        },
        "submitit": {
            "hashes": [
                "sha256:36a8a54ad4e10171111e7618eefe28fe819f931a89c9cd1f6d2770900c013f12",
                "sha256:c6d5867fbcc78588d0ded3338436903f8db9fdb759f80e9639e6025a9ea32ade"
            ],
            "markers": "python_version >= '3.8'",
            "version": "==1.5.2"
        },
        "sympy": {
            "hashes": [
                "sha256:9cebf7e04ff162015ce31c9c6c9144daa34a93bd082f54fd8f12deca4f47515f",
                "sha256:db36cdc64bf61b9b24578b6f7bab1ecdd2452cf008f34faa33776680c26d66f8"
            ],
            "markers": "python_version >= '3.9'",
            "version": "==1.13.1"
        },
        "torch": {
            "hashes": [
                "sha256:09e06f9949e1a0518c5b09fe95295bc9661f219d9ecb6f9893e5123e10696628",
                "sha256:265f70de5fd45b864d924b64be1797f86e76c8e48a02c2a3a6fc7ec247d2226c",
                "sha256:2bb8987f3bb1ef2675897034402373ddfc8f5ef0e156e2d8cfc47cacafdda4a9",
                "sha256:46763dcb051180ce1ed23d1891d9b1598e07d051ce4c9d14307029809c4d64f7",
                "sha256:4874a73507a300a5d089ceaff616a569e7bb7c613c56f37f63ec3ffac65259cf",
                "sha256:510c73251bee9ba02ae1cb6c9d4ee0907b3ce6020e62784e2d7598e0cfa4d6cc",
                "sha256:56eeaf2ecac90da5d9e35f7f35eb286da82673ec3c582e310a8d1631a1c02341",
                "sha256:683410f97984103148e31b38a8631acf31c3034c020c0f4d26171e7626d8317a",
                "sha256:6860df13d9911ac158f4c44031609700e1eba07916fff62e21e6ffa0a9e01961",
                "sha256:7979834102cd5b7a43cc64e87f2f3b14bd0e1458f06e9f88ffa386d07c7446e1",
                "sha256:7e1448426d0ba3620408218b50aa6ada88aeae34f7a239ba5431f6c8774b1239",
                "sha256:94fc63b3b4bedd327af588696559f68c264440e2503cc9e6954019473d74ae21",
                "sha256:9a610afe216a85a8b9bc9f8365ed561535c93e804c2a317ef7fabcc5deda0989",
                "sha256:9ea955317cfcd3852b1402b62af258ce735c2edeee42ca9419b6bc889e5ae053",
                "sha256:a0d5e1b9874c1a6c25556840ab8920569a7a4137afa8a63a32cee0bc7d89bd4b",
                "sha256:b789069020c5588c70d5c2158ac0aa23fd24a028f34a8b4fcb8fcb4d7efcf5fb",
                "sha256:bb2c6c3e65049f081940f5ab15c9136c7de40d3f01192541c920a07c7c585b7e",
                "sha256:c4f103a49830ce4c7561ef4434cc7926e5a5fe4e5eb100c19ab36ea1e2b634ab",
                "sha256:ccbd0320411fe1a3b3fec7b4d3185aa7d0c52adac94480ab024b5c8f74a0bf1d",
                "sha256:ff96f4038f8af9f7ec4231710ed4549da1bdebad95923953a25045dcf6fd87e2"
            ],
            "markers": "python_version >= '3.9'",
            "version": "==2.6.0"
        },
        "torchaudio": {
            "hashes": [
                "sha256:04803a969710bdb77a4ddfdb85a32fa9b9e0310dc91f7eb7e54d6083dd69bfab",
                "sha256:0eda1cd876f44fc014dc04aa680db2fa355a83df5d834398db6dd5f5cd911f4c",
                "sha256:0f0db5c997d031c34066d8be1c0ce7d2a1f2b6c016a92885b20b00bfeb17b753",
                "sha256:22798d5d8e37869bd5875d37f42270efbeb8ae94bda97fed40c1c5e0e1c62fa3",
                "sha256:377b177a3d683a9163e4cab5a06f0346dac9ff96fa527477338fd90fc6a2a4b6",
                "sha256:393fa74ec40d167f0170728ea21c9b5e0f830648fd02df7db2bf7e62f64245ec",
                "sha256:52182f6de4e7b342d139e54b703185d428de9cce3c4cf914a9b2ab2359d192a3",
                "sha256:52f15185349c370fc1faa84e8b8b2782c007472db9d586a16bba314130b322f2",
                "sha256:6291d9507dc1d6b4ffe8843fbfb201e6c8270dd8c42ad70bb76226c0ebdcad56",
                "sha256:66f2e0bd5ab56fd81419d2f5afb74a9a70141688594646441756c8c24f424a73",
                "sha256:715aa21f6bdbd085454c313ae3a2c7cc07bf2e8cf05752f819afb5b4c57f4e6f",
                "sha256:72e77055d8e742475c6dfacf59fab09b1fc94d4423e14897e188b67cad3851c6",
                "sha256:7d0e4b08c42325bf4b887de9a25c44ed882997001740e1bd7d901f65581cf1ab",
                "sha256:86d6239792bf94741a41acd6fe3d549faaf0d50e7275d17d076a190bd007e2f9",
                "sha256:8c1a4d08e35a9ceaadadbff6e60bcb3442482f800369be350103dfd08b4ddf52",
                "sha256:9d8e07789452efdb8132d62afe21f2293a72805f26c2891c6c53e4e4df38ddf6",
                "sha256:b521ea9618fb4c29a6f8071628170c222291f46a48a3bf424cfeb488f54af714",
                "sha256:c12fc41241b8dfce3ccc1917f1c81a0f92f532d9917706600046f1eb21d2d765",
                "sha256:c6386bfa478afae2137715bb60f35520e3b05f5fc6d3bcc6969cf9cdfb11c09c",
                "sha256:d855da878a28c2e5e6fb3d76fcddd544f4d957a320b29602cea5af2fe0ad1f3a"
            ],
            "version": "==2.6.0"
        },
        "tqdm": {
            "hashes": [
                "sha256:26445eca388f82e72884e0d580d5464cd801a3ea01e63e5601bdff9ba6a48de2",
                "sha256:f8aef9c52c08c13a65f30ea34f4e5aac3fd1a34959879d7e59e63027286627f2"
            ],
            "markers": "python_version >= '3.7'",
            "version": "==4.67.1"
        },
        "treetable": {
            "hashes": [
                "sha256:29c95b797a8ecff4bb894cb7b103e39a78c905ab78a88a9a247de30c87743a2f"
            ],
            "markers": "python_full_version >= '3.6.0'",
            "version": "==0.2.5"
        },
        "typer": {
            "hashes": [
                "sha256:7994fb7b8155b64d3402518560648446072864beefd44aa2dc36972a5972e847",
                "sha256:a0588c0a7fa68a1978a069818657778f86abe6ff5ea6abf472f940a08bfe4f0a"
            ],
            "index": "pypi",
            "version": "==0.15.1"
        },
        "typing-extensions": {
            "hashes": [
                "sha256:04e5ca0351e0f3f85c6853954072df659d0d13fac324d0072316b67d7794700d",
                "sha256:1a7ead55c7e559dd4dee8856e3a88b41225abfe1ce8df57b7c13915fe121ffb8"
            ],
            "markers": "python_version >= '3.8'",
            "version": "==4.12.2"
        }
    },
    "develop": {}
}
