{
    "_meta": {
        "hash": {
            "sha256": "37f1cb8b6be543f0d7992ee64d351220d254e49154d67755d8a41d565a11e50b"
        },
        "pipfile-spec": 6,
        "requires": {
            "python_version": "3.10"
        },
        "sources": [
            {
                "name": "pypi",
                "url": "https://pypi.org/simple",
                "verify_ssl": true
            }
        ]
    },
    "default": {
        "antlr4-python3-runtime": {
            "hashes": [
                "sha256:f224469b4168294902bb1efa80a8bf7855f24c99aef99cbefc1bcd3cce77881b"
            ],
            "version": "==4.9.3"
        },
        "cloudpickle": {
            "hashes": [
                "sha256:246ee7d0c295602a036e86369c77fecda4ab17b506496730f2f576d9016fd9c7",
                "sha256:996d9a482c6fb4f33c1a35335cf8afd065d2a56e973270364840712d9131a882"
            ],
            "markers": "python_version >= '3.8'",
            "version": "==3.0.0"
        },
        "demucs": {
            "hashes": [
                "sha256:e45a5a788bae79767c37bbf6e69aae03862ddcca05550fb79b926346a177d713"
            ],
            "index": "pypi",
            "version": "==4.0.1"
        },
        "dora-search": {
            "hashes": [
                "sha256:2956fd2c4c7e4b9a4830e83f0d4cf961be45cfba1a2f0570281e91d15ac516fb"
            ],
            "markers": "python_version >= '3.7'",
            "version": "==0.1.12"
        },
        "einops": {
            "hashes": [
                "sha256:0f3096f26b914f465f6ff3c66f5478f9a5e380bb367ffc6493a68143fbbf1fd1",
                "sha256:b2b04ad6081a3b227080c9bf5e3ace7160357ff03043cd66cc5b2319eb7031d1"
            ],
            "markers": "python_version >= '3.8'",
            "version": "==0.7.0"
        },
        "filelock": {
            "hashes": [
                "sha256:521f5f56c50f8426f5e03ad3b281b490a87ef15bc6c526f168290f0c7148d44e",
                "sha256:57dbda9b35157b05fb3e58ee91448612eb674172fab98ee235ccb0b5bee19a1c"
            ],
            "markers": "python_version >= '3.8'",
            "version": "==3.13.1"
        },
        "fsspec": {
            "hashes": [
                "sha256:918d18d41bf73f0e2b261824baeb1b124bcf771767e3a26425cd7dec3332f512",
                "sha256:f39780e282d7d117ffb42bb96992f8a90795e4d0fb0f661a70ca39fe9c43ded9"
            ],
            "markers": "python_version >= '3.8'",
            "version": "==2024.3.1"
        },
        "jinja2": {
            "hashes": [
                "sha256:7d6d50dd97d52cbc355597bd845fabfbac3f551e1f99619e39a35ce8c370b5fa",
                "sha256:ac8bd6544d4bb2c9792bf3a159e80bba8fda7f07e81bc3aed565432d5925ba90"
            ],
            "markers": "python_version >= '3.7'",
            "version": "==3.1.3"
        },
        "julius": {
            "hashes": [
                "sha256:3c0f5f5306d7d6016fcc95196b274cae6f07e2c9596eed314e4e7641554fbb08"
            ],
            "markers": "python_full_version >= '3.6.0'",
            "version": "==0.2.7"
        },
        "lameenc": {
            "hashes": [
                "sha256:002742147c99e819be4feb8ab05da08ff57f0f76480746ddc83f6a2c09d2639d",
                "sha256:02b7ab137f1fb624020210ae3c2f671a9006ec30d2bec704a55aaebb3850ab3d",
                "sha256:0bbd88b127bafce6da8ac8b03d5a87791d32b928dc61533e4752a935808fc851",
                "sha256:0d0aa76ab3642c1025d8a47f0df4986147ae03f10d83c4b5ff34e8ddd1b62c45",
                "sha256:0d6c195df3f22e39dd2e2963858b0f6a73db8b993ca4f1996c5c147d386c6151",
                "sha256:0faf238be8044ee706d5f410e19ca1ae38fafa75dedcdc69ed764964d01c8d8b",
                "sha256:110b781e7916849eb430411180ac8c3821ffc7e0d15a18b3f26129e1aff2ce8f",
                "sha256:1e00c8771be3e002a539fd534f8df063a2dafc2d679803a7a4dfd7886ffa4304",
                "sha256:1ecd67a8270075885b5b6f3cdf0c4bb3fb0a4589a679e55298f2606ee2fcb5ce",
                "sha256:26799cc2dac7d972f354489f33a5ab99d5ca4791edd1b0b3bd87e89bfa22f34f",
                "sha256:29c9cc3c9012cf52640c071fc519f4b55c40e87b4e07f43ff80e939e6f6baae4",
                "sha256:2b18015e33d9530f47bdefc1a0dc91e4a8b94a3b0ff5fbdcac82b64b170388e8",
                "sha256:2bed2133410206f61780c412e49c218bf40179016de0284f61ed5bead3cce95a",
                "sha256:2d89e63c88e5a224299b310ac9430c2c2e16ca4f2b479e65baf4f17c92928e2a",
                "sha256:2f51808bd3f2da74ce586ef3e3bcae8b77a4a59e9c476a46681d7c052c1c2211",
                "sha256:3274cade2d3f00cc49748b968660e1297eaca2d15911deb566cc378ffa4e7d8b",
                "sha256:367c152dd1dc54c2d6c42837c1c149b0173eb4225e4782f88b1a391c95ff97af",
                "sha256:3f8e056d48f07bd17eecca11643c59aaf2804f6c1f822e4ab5b2bf5a313ef1a4",
                "sha256:4193472c4ec50397b234284551b52af23dd6f998634e0bd75e2caad5bb85ace7",
                "sha256:4926c2b50b384c7640c78757b89a7faaccc6a6fcde5fd9016b554f946522e157",
                "sha256:53f1dc2574052354baecf07ba8d2da71dd9aab310c3efc8e029dae13be22a29f",
                "sha256:5a5b322d82dfdf6132c563e1fa352487c82a0bb1e93dff8ef634c867c94d82ad",
                "sha256:5bf4632fed752eca67c93d8ce89098cec8a58706d995151f27eec493771c4856",
                "sha256:62ec507686326a6baec8b997070e96328ba8ff03abdc688e36ab47114883a223",
                "sha256:63a2ce2d63706d766ad1686fbc5e12c807c027b7ccfc97de9b9a81f58216e770",
                "sha256:6667cfe1ab6c15960cfe5fdc6ffdc6c1818d1385da143fcb0692218500b60b1e",
                "sha256:666dae5544b82b7c7e2d45ee82b0b74a3b5d46c62f79df603a30f4b633c78556",
                "sha256:6b7e0d28c3982eabf9fd8c51f19593c4c1684bb0e261482284a3fd56134bc302",
                "sha256:6cec7e369067d54528b98023fb75c26cd539bbc9292e73fe58516b6964b35db5",
                "sha256:73ba7b02685d9c17a3b083622b85c859f9db35254d4ea9ee8305d4a8d321876b",
                "sha256:74fafaa009697a39b4dfae0d6763ad666ccda75386d68befd943decf46610722",
                "sha256:790c250086dd38b26860ccb5574ad0f2c625b52bb9f2a367e07e50ffbf3de832",
                "sha256:7a582a1f356c83be526ba97ce8465553cc55524992325ab1641b3ee0428e6453",
                "sha256:7b34c529d719bf303ace7ec169965c516b0b94922837cf67f60a73931f1f4580",
                "sha256:8b712902e02ea03e9a5272ee008062b08d99129e7a00a369b90848a9bfab050f",
                "sha256:8bc05b160603665e570f2d8dd6a70dc6e337cb59dbd5e9a72044afb92c629096",
                "sha256:93eedf217db3832ead5ea28ad89b2f4dd3d79e3a7d5641d09dbeeeffe6283768",
                "sha256:93f426a565e666227303257db67287f33836872dee62d982d521d8972467df46",
                "sha256:96e54919790e2b4e3519f1696ac19a5efb864c0621e7a2baf89ecfa95908e044",
                "sha256:9edec7fef66d0e1bd25690780ef697c3bea15f4f614e04de3fd930d558c43833",
                "sha256:a14a5f449cc32158ac2fd557a21b6a35dd1cb077e0372ede69572740f9b67905",
                "sha256:a2d88a1e32246f6071ad18dc42c6a9a2af2d8a600de561a887d4dc3d335b2f3d",
                "sha256:a46642b88d9461fd1377f2fcae387503d80753b954b2547ace91e5ba5fff11af",
                "sha256:a84335effaa1f56202a359b9fb2524e4e486e3c37c72a66647626220b22e34bb",
                "sha256:b425fec9430a0aa55877d8787f82b47ff2c5d2a36663a4ca562103d7bbaeb23a",
                "sha256:bbabad75799e62638c0e55537e50ceba81456600ce04fb604c006c1b7399e8c1",
                "sha256:be3cf0820f278996680a48d163f781e85431704c0551d90780b165798f2ea1c5",
                "sha256:c103b3a021a000de7822249d91008e1adfcb70e7bdffa3483c5794045dc051dc",
                "sha256:c194dd436ed1894e325f3cb8baebf76cfa5ee867810c3fb8af2a76a62e219ac1",
                "sha256:c2cb91af4b25b3d650781e681032c469fd38979b180eddfbf5a55322372d71b9",
                "sha256:c3589924788e26afd55a1faa3947ba70167d9ba9901d42ba2b372922999e0ea6",
                "sha256:c4dc7b13e871f9d4667be161823082f87c05252b36c1f1e3e0088765f0e81b5b",
                "sha256:c74611af25522db4bcca9221254151ed6133847aa355595152d343d430dd888b",
                "sha256:c76a21488ba35b1dd1d37d8b0671646cb52ca92f7d9b2bb8234bf106ba57db08",
                "sha256:c835438c0e8b8d680e871095cec143abf655d071b1bb60ccf7a8e08245acd877",
                "sha256:c8fd147d1faa904cb0b8ba3b038ab795daebec46147b2b9e3891dbb427084f5c",
                "sha256:d089d5c2ae6430531e2dad49d9d4bfa06ff5e6ee9a2b24f1e1ccb5c942be200b",
                "sha256:d3fe077c20dd521fd261ae5dfccab80d94eace7b7474035f1584a08eca1baa7f",
                "sha256:d46fea0110812e89a4add722bc18e20e8146843395f9b4b9fad9f98a6ccf327e",
                "sha256:d63cd0f1b52b7719b212d9fe8c1fdeb8aa8618b9f943e628001981c235ae8722",
                "sha256:e3399b72c8adb965405aeb8ccc614db9b94e5842426289166c4fbf2588cf1e74",
                "sha256:e67f5e985d940f9f8037823e6a629a18acbfe02d0fcd68a8fc113ed46a555aa5",
                "sha256:e6c6a934754ed32a7680aaaf15f7fd20e29575239b93a23ee86dafa9b0143608",
                "sha256:ed1f49416e9531a49f462923ca0d2ae14baf9ceea0384cba2c5f9f1090f0df31",
                "sha256:eec093a6673c7eebeebc269d7735ea09ec9cfda696ff92959b33bc1117b26954",
                "sha256:f84bdcc3daa0b7635ba2a41d995b321b5d00b6637c89886f88e1d88e356c9baa",
                "sha256:fbbe822069bfadb4608c11a578f027f9c8ba01182332cd538a8ee55cf5d3bf23",
                "sha256:ff836d4964cc2f7197a14dfc8e2d3787f5e37f1d809ed914995a95ea24abce8f",
                "sha256:ff9b6e1fed60a1e1f54861b51628a5c99a4ebc8be76462b8995c7cae99722ec5"
            ],
            "version": "==1.7.0"
        },
        "markupsafe": {
            "hashes": [
                "sha256:00e046b6dd71aa03a41079792f8473dc494d564611a8f89bbbd7cb93295ebdcf",
                "sha256:075202fa5b72c86ad32dc7d0b56024ebdbcf2048c0ba09f1cde31bfdd57bcfff",
                "sha256:0e397ac966fdf721b2c528cf028494e86172b4feba51d65f81ffd65c63798f3f",
                "sha256:17b950fccb810b3293638215058e432159d2b71005c74371d784862b7e4683f3",
                "sha256:1f3fbcb7ef1f16e48246f704ab79d79da8a46891e2da03f8783a5b6fa41a9532",
                "sha256:2174c595a0d73a3080ca3257b40096db99799265e1c27cc5a610743acd86d62f",
                "sha256:2b7c57a4dfc4f16f7142221afe5ba4e093e09e728ca65c51f5620c9aaeb9a617",
                "sha256:2d2d793e36e230fd32babe143b04cec8a8b3eb8a3122d2aceb4a371e6b09b8df",
                "sha256:30b600cf0a7ac9234b2638fbc0fb6158ba5bdcdf46aeb631ead21248b9affbc4",
                "sha256:397081c1a0bfb5124355710fe79478cdbeb39626492b15d399526ae53422b906",
                "sha256:3a57fdd7ce31c7ff06cdfbf31dafa96cc533c21e443d57f5b1ecc6cdc668ec7f",
                "sha256:3c6b973f22eb18a789b1460b4b91bf04ae3f0c4234a0a6aa6b0a92f6f7b951d4",
                "sha256:3e53af139f8579a6d5f7b76549125f0d94d7e630761a2111bc431fd820e163b8",
                "sha256:4096e9de5c6fdf43fb4f04c26fb114f61ef0bf2e5604b6ee3019d51b69e8c371",
                "sha256:4275d846e41ecefa46e2015117a9f491e57a71ddd59bbead77e904dc02b1bed2",
                "sha256:4c31f53cdae6ecfa91a77820e8b151dba54ab528ba65dfd235c80b086d68a465",
                "sha256:4f11aa001c540f62c6166c7726f71f7573b52c68c31f014c25cc7901deea0b52",
                "sha256:5049256f536511ee3f7e1b3f87d1d1209d327e818e6ae1365e8653d7e3abb6a6",
                "sha256:58c98fee265677f63a4385256a6d7683ab1832f3ddd1e66fe948d5880c21a169",
                "sha256:598e3276b64aff0e7b3451b72e94fa3c238d452e7ddcd893c3ab324717456bad",
                "sha256:5b7b716f97b52c5a14bffdf688f971b2d5ef4029127f1ad7a513973cfd818df2",
                "sha256:5dedb4db619ba5a2787a94d877bc8ffc0566f92a01c0ef214865e54ecc9ee5e0",
                "sha256:619bc166c4f2de5caa5a633b8b7326fbe98e0ccbfacabd87268a2b15ff73a029",
                "sha256:629ddd2ca402ae6dbedfceeba9c46d5f7b2a61d9749597d4307f943ef198fc1f",
                "sha256:656f7526c69fac7f600bd1f400991cc282b417d17539a1b228617081106feb4a",
                "sha256:6ec585f69cec0aa07d945b20805be741395e28ac1627333b1c5b0105962ffced",
                "sha256:72b6be590cc35924b02c78ef34b467da4ba07e4e0f0454a2c5907f473fc50ce5",
                "sha256:7502934a33b54030eaf1194c21c692a534196063db72176b0c4028e140f8f32c",
                "sha256:7a68b554d356a91cce1236aa7682dc01df0edba8d043fd1ce607c49dd3c1edcf",
                "sha256:7b2e5a267c855eea6b4283940daa6e88a285f5f2a67f2220203786dfa59b37e9",
                "sha256:823b65d8706e32ad2df51ed89496147a42a2a6e01c13cfb6ffb8b1e92bc910bb",
                "sha256:8590b4ae07a35970728874632fed7bd57b26b0102df2d2b233b6d9d82f6c62ad",
                "sha256:8dd717634f5a044f860435c1d8c16a270ddf0ef8588d4887037c5028b859b0c3",
                "sha256:8dec4936e9c3100156f8a2dc89c4b88d5c435175ff03413b443469c7c8c5f4d1",
                "sha256:97cafb1f3cbcd3fd2b6fbfb99ae11cdb14deea0736fc2b0952ee177f2b813a46",
                "sha256:a17a92de5231666cfbe003f0e4b9b3a7ae3afb1ec2845aadc2bacc93ff85febc",
                "sha256:a549b9c31bec33820e885335b451286e2969a2d9e24879f83fe904a5ce59d70a",
                "sha256:ac07bad82163452a6884fe8fa0963fb98c2346ba78d779ec06bd7a6262132aee",
                "sha256:ae2ad8ae6ebee9d2d94b17fb62763125f3f374c25618198f40cbb8b525411900",
                "sha256:b91c037585eba9095565a3556f611e3cbfaa42ca1e865f7b8015fe5c7336d5a5",
                "sha256:bc1667f8b83f48511b94671e0e441401371dfd0f0a795c7daa4a3cd1dde55bea",
                "sha256:bec0a414d016ac1a18862a519e54b2fd0fc8bbfd6890376898a6c0891dd82e9f",
                "sha256:bf50cd79a75d181c9181df03572cdce0fbb75cc353bc350712073108cba98de5",
                "sha256:bff1b4290a66b490a2f4719358c0cdcd9bafb6b8f061e45c7a2460866bf50c2e",
                "sha256:c061bb86a71b42465156a3ee7bd58c8c2ceacdbeb95d05a99893e08b8467359a",
                "sha256:c8b29db45f8fe46ad280a7294f5c3ec36dbac9491f2d1c17345be8e69cc5928f",
                "sha256:ce409136744f6521e39fd8e2a24c53fa18ad67aa5bc7c2cf83645cce5b5c4e50",
                "sha256:d050b3361367a06d752db6ead6e7edeb0009be66bc3bae0ee9d97fb326badc2a",
                "sha256:d283d37a890ba4c1ae73ffadf8046435c76e7bc2247bbb63c00bd1a709c6544b",
                "sha256:d9fad5155d72433c921b782e58892377c44bd6252b5af2f67f16b194987338a4",
                "sha256:daa4ee5a243f0f20d528d939d06670a298dd39b1ad5f8a72a4275124a7819eff",
                "sha256:db0b55e0f3cc0be60c1f19efdde9a637c32740486004f20d1cff53c3c0ece4d2",
                "sha256:e61659ba32cf2cf1481e575d0462554625196a1f2fc06a1c777d3f48e8865d46",
                "sha256:ea3d8a3d18833cf4304cd2fc9cbb1efe188ca9b5efef2bdac7adc20594a0e46b",
                "sha256:ec6a563cff360b50eed26f13adc43e61bc0c04d94b8be985e6fb24b81f6dcfdf",
                "sha256:f5dfb42c4604dddc8e4305050aa6deb084540643ed5804d7455b5df8fe16f5e5",
                "sha256:fa173ec60341d6bb97a89f5ea19c85c5643c1e7dedebc22f5181eb73573142c5",
                "sha256:fa9db3f79de01457b03d4f01b34cf91bc0048eb2c3846ff26f66687c2f6d16ab",
                "sha256:fce659a462a1be54d2ffcacea5e3ba2d74daa74f30f5f143fe0c58636e355fdd",
                "sha256:ffee1f21e5ef0d712f9033568f8344d5da8cc2869dbd08d87c84656e6a2d2f68"
            ],
            "markers": "python_version >= '3.7'",
            "version": "==2.1.5"
        },
        "mpmath": {
            "hashes": [
                "sha256:7a28eb2a9774d00c7bc92411c19a89209d5da7c4c9a9e227be8330a23a25b91f",
                "sha256:a0b2b9fe80bbcd81a6647ff13108738cfb482d481d826cc0e02f5b35e5c88d2c"
            ],
            "version": "==1.3.0"
        },
        "networkx": {
            "hashes": [
                "sha256:9f1bb5cf3409bf324e0a722c20bdb4c20ee39bf1c30ce8ae499c8502b0b5e0c6",
                "sha256:f18c69adc97877c42332c170849c96cefa91881c99a7cb3e95b7c659ebdc1ec2"
            ],
            "markers": "python_version >= '3.9'",
            "version": "==3.2.1"
        },
        "numpy": {
            "hashes": [
                "sha256:03a8c78d01d9781b28a6989f6fa1bb2c4f2d51201cf99d3dd875df6fbd96b23b",
                "sha256:08beddf13648eb95f8d867350f6a018a4be2e5ad54c8d8caed89ebca558b2818",
                "sha256:1af303d6b2210eb850fcf03064d364652b7120803a0b872f5211f5234b399f20",
                "sha256:1dda2e7b4ec9dd512f84935c5f126c8bd8b9f2fc001e9f54af255e8c5f16b0e0",
                "sha256:2a02aba9ed12e4ac4eb3ea9421c420301a0c6460d9830d74a9df87efa4912010",
                "sha256:2e4ee3380d6de9c9ec04745830fd9e2eccb3e6cf790d39d7b98ffd19b0dd754a",
                "sha256:3373d5d70a5fe74a2c1bb6d2cfd9609ecf686d47a2d7b1d37a8f3b6bf6003aea",
                "sha256:47711010ad8555514b434df65f7d7b076bb8261df1ca9bb78f53d3b2db02e95c",
                "sha256:4c66707fabe114439db9068ee468c26bbdf909cac0fb58686a42a24de1760c71",
                "sha256:50193e430acfc1346175fcbdaa28ffec49947a06918b7b92130744e81e640110",
                "sha256:52b8b60467cd7dd1e9ed082188b4e6bb35aa5cdd01777621a1658910745b90be",
                "sha256:60dedbb91afcbfdc9bc0b1f3f402804070deed7392c23eb7a7f07fa857868e8a",
                "sha256:62b8e4b1e28009ef2846b4c7852046736bab361f7aeadeb6a5b89ebec3c7055a",
                "sha256:666dbfb6ec68962c033a450943ded891bed2d54e6755e35e5835d63f4f6931d5",
                "sha256:675d61ffbfa78604709862923189bad94014bef562cc35cf61d3a07bba02a7ed",
                "sha256:679b0076f67ecc0138fd2ede3a8fd196dddc2ad3254069bcb9faf9a79b1cebcd",
                "sha256:7349ab0fa0c429c82442a27a9673fc802ffdb7c7775fad780226cb234965e53c",
                "sha256:7ab55401287bfec946ced39700c053796e7cc0e3acbef09993a9ad2adba6ca6e",
                "sha256:7e50d0a0cc3189f9cb0aeb3a6a6af18c16f59f004b866cd2be1c14b36134a4a0",
                "sha256:95a7476c59002f2f6c590b9b7b998306fba6a5aa646b1e22ddfeaf8f78c3a29c",
                "sha256:96ff0b2ad353d8f990b63294c8986f1ec3cb19d749234014f4e7eb0112ceba5a",
                "sha256:9fad7dcb1aac3c7f0584a5a8133e3a43eeb2fe127f47e3632d43d677c66c102b",
                "sha256:9ff0f4f29c51e2803569d7a51c2304de5554655a60c5d776e35b4a41413830d0",
                "sha256:a354325ee03388678242a4d7ebcd08b5c727033fcff3b2f536aea978e15ee9e6",
                "sha256:a4abb4f9001ad2858e7ac189089c42178fcce737e4169dc61321660f1a96c7d2",
                "sha256:ab47dbe5cc8210f55aa58e4805fe224dac469cde56b9f731a4c098b91917159a",
                "sha256:afedb719a9dcfc7eaf2287b839d8198e06dcd4cb5d276a3df279231138e83d30",
                "sha256:b3ce300f3644fb06443ee2222c2201dd3a89ea6040541412b8fa189341847218",
                "sha256:b97fe8060236edf3662adfc2c633f56a08ae30560c56310562cb4f95500022d5",
                "sha256:bfe25acf8b437eb2a8b2d49d443800a5f18508cd811fea3181723922a8a82b07",
                "sha256:cd25bcecc4974d09257ffcd1f098ee778f7834c3ad767fe5db785be9a4aa9cb2",
                "sha256:d209d8969599b27ad20994c8e41936ee0964e6da07478d6c35016bc386b66ad4",
                "sha256:d5241e0a80d808d70546c697135da2c613f30e28251ff8307eb72ba696945764",
                "sha256:edd8b5fe47dab091176d21bb6de568acdd906d1887a4584a15a9a96a1dca06ef",
                "sha256:f870204a840a60da0b12273ef34f7051e98c3b5961b61b0c2c1be6dfd64fbcd3",
                "sha256:ffa75af20b44f8dba823498024771d5ac50620e6915abac414251bd971b4529f"
            ],
            "markers": "python_version >= '3.9'",
            "version": "==1.26.4"
        },
        "omegaconf": {
            "hashes": [
                "sha256:7b4df175cdb08ba400f45cae3bdcae7ba8365db4d165fc65fd04b050ab63b46b",
                "sha256:d5d4b6d29955cc50ad50c46dc269bcd92c6e00f5f90d23ab5fee7bfca4ba4cc7"
            ],
            "markers": "python_full_version >= '3.6.0'",
            "version": "==2.3.0"
        },
        "openunmix": {
            "hashes": [
                "sha256:63245c39dc0d3bcada94370fe84aca3e053e7facd91d66d26ccb36744ae22e9d",
                "sha256:eee30a3bac5a4a931f0f55dfddc0b54048ebff313da1ba239470f6b08defb077"
            ],
            "markers": "python_full_version >= '3.6.0'",
            "version": "==1.2.1"
        },
        "pyyaml": {
            "hashes": [
                "sha256:04ac92ad1925b2cff1db0cfebffb6ffc43457495c9b3c39d3fcae417d7125dc5",
                "sha256:062582fca9fabdd2c8b54a3ef1c978d786e0f6b3a1510e0ac93ef59e0ddae2bc",
                "sha256:0d3304d8c0adc42be59c5f8a4d9e3d7379e6955ad754aa9d6ab7a398b59dd1df",
                "sha256:1635fd110e8d85d55237ab316b5b011de701ea0f29d07611174a1b42f1444741",
                "sha256:184c5108a2aca3c5b3d3bf9395d50893a7ab82a38004c8f61c258d4428e80206",
                "sha256:18aeb1bf9a78867dc38b259769503436b7c72f7a1f1f4c93ff9a17de54319b27",
                "sha256:1d4c7e777c441b20e32f52bd377e0c409713e8bb1386e1099c2415f26e479595",
                "sha256:1e2722cc9fbb45d9b87631ac70924c11d3a401b2d7f410cc0e3bbf249f2dca62",
                "sha256:1fe35611261b29bd1de0070f0b2f47cb6ff71fa6595c077e42bd0c419fa27b98",
                "sha256:28c119d996beec18c05208a8bd78cbe4007878c6dd15091efb73a30e90539696",
                "sha256:326c013efe8048858a6d312ddd31d56e468118ad4cdeda36c719bf5bb6192290",
                "sha256:40df9b996c2b73138957fe23a16a4f0ba614f4c0efce1e9406a184b6d07fa3a9",
                "sha256:42f8152b8dbc4fe7d96729ec2b99c7097d656dc1213a3229ca5383f973a5ed6d",
                "sha256:49a183be227561de579b4a36efbb21b3eab9651dd81b1858589f796549873dd6",
                "sha256:4fb147e7a67ef577a588a0e2c17b6db51dda102c71de36f8549b6816a96e1867",
                "sha256:50550eb667afee136e9a77d6dc71ae76a44df8b3e51e41b77f6de2932bfe0f47",
                "sha256:510c9deebc5c0225e8c96813043e62b680ba2f9c50a08d3724c7f28a747d1486",
                "sha256:5773183b6446b2c99bb77e77595dd486303b4faab2b086e7b17bc6bef28865f6",
                "sha256:596106435fa6ad000c2991a98fa58eeb8656ef2325d7e158344fb33864ed87e3",
                "sha256:6965a7bc3cf88e5a1c3bd2e0b5c22f8d677dc88a455344035f03399034eb3007",
                "sha256:69b023b2b4daa7548bcfbd4aa3da05b3a74b772db9e23b982788168117739938",
                "sha256:6c22bec3fbe2524cde73d7ada88f6566758a8f7227bfbf93a408a9d86bcc12a0",
                "sha256:704219a11b772aea0d8ecd7058d0082713c3562b4e271b849ad7dc4a5c90c13c",
                "sha256:7e07cbde391ba96ab58e532ff4803f79c4129397514e1413a7dc761ccd755735",
                "sha256:81e0b275a9ecc9c0c0c07b4b90ba548307583c125f54d5b6946cfee6360c733d",
                "sha256:855fb52b0dc35af121542a76b9a84f8d1cd886ea97c84703eaa6d88e37a2ad28",
                "sha256:8d4e9c88387b0f5c7d5f281e55304de64cf7f9c0021a3525bd3b1c542da3b0e4",
                "sha256:9046c58c4395dff28dd494285c82ba00b546adfc7ef001486fbf0324bc174fba",
                "sha256:9eb6caa9a297fc2c2fb8862bc5370d0303ddba53ba97e71f08023b6cd73d16a8",
                "sha256:a08c6f0fe150303c1c6b71ebcd7213c2858041a7e01975da3a99aed1e7a378ef",
                "sha256:a0cd17c15d3bb3fa06978b4e8958dcdc6e0174ccea823003a106c7d4d7899ac5",
                "sha256:afd7e57eddb1a54f0f1a974bc4391af8bcce0b444685d936840f125cf046d5bd",
                "sha256:b1275ad35a5d18c62a7220633c913e1b42d44b46ee12554e5fd39c70a243d6a3",
                "sha256:b786eecbdf8499b9ca1d697215862083bd6d2a99965554781d0d8d1ad31e13a0",
                "sha256:ba336e390cd8e4d1739f42dfe9bb83a3cc2e80f567d8805e11b46f4a943f5515",
                "sha256:baa90d3f661d43131ca170712d903e6295d1f7a0f595074f151c0aed377c9b9c",
                "sha256:bc1bf2925a1ecd43da378f4db9e4f799775d6367bdb94671027b73b393a7c42c",
                "sha256:bd4af7373a854424dabd882decdc5579653d7868b8fb26dc7d0e99f823aa5924",
                "sha256:bf07ee2fef7014951eeb99f56f39c9bb4af143d8aa3c21b1677805985307da34",
                "sha256:bfdf460b1736c775f2ba9f6a92bca30bc2095067b8a9d77876d1fad6cc3b4a43",
                "sha256:c8098ddcc2a85b61647b2590f825f3db38891662cfc2fc776415143f599bb859",
                "sha256:d2b04aac4d386b172d5b9692e2d2da8de7bfb6c387fa4f801fbf6fb2e6ba4673",
                "sha256:d483d2cdf104e7c9fa60c544d92981f12ad66a457afae824d146093b8c294c54",
                "sha256:d858aa552c999bc8a8d57426ed01e40bef403cd8ccdd0fc5f6f04a00414cac2a",
                "sha256:e7d73685e87afe9f3b36c799222440d6cf362062f78be1013661b00c5c6f678b",
                "sha256:f003ed9ad21d6a4713f0a9b5a7a0a79e08dd0f221aff4525a2be4c346ee60aab",
                "sha256:f22ac1c3cac4dbc50079e965eba2c1058622631e526bd9afd45fedd49ba781fa",
                "sha256:faca3bdcf85b2fc05d06ff3fbc1f83e1391b3e724afa3feba7d13eeab355484c",
                "sha256:fca0e3a251908a499833aa292323f32437106001d436eca0e6e7833256674585",
                "sha256:fd1592b3fdf65fff2ad0004b5e363300ef59ced41c2e6b3a99d4089fa8c5435d",
                "sha256:fd66fc5d0da6d9815ba2cebeb4205f95818ff4b79c3ebe268e75d961704af52f"
            ],
            "markers": "python_full_version >= '3.6.0'",
            "version": "==6.0.1"
        },
        "retrying": {
            "hashes": [
                "sha256:345da8c5765bd982b1d1915deb9102fd3d1f7ad16bd84a9700b85f64d24e8f3e",
                "sha256:8cc4d43cb8e1125e0ff3344e9de678fefd85db3b750b81b2240dc0183af37b35"
            ],
            "version": "==1.3.4"
        },
        "six": {
            "hashes": [
                "sha256:1e61c37477a1626458e36f7b1d82aa5c9b094fa4802892072e49de9c60c4c926",
                "sha256:8abb2f1d86890a2dfb989f9a77cfcfd3e47c2a354b01111771326f8aa26e0254"
            ],
            "markers": "python_version >= '2.7' and python_version not in '3.0, 3.1, 3.2, 3.3'",
            "version": "==1.16.0"
        },
        "submitit": {
            "hashes": [
                "sha256:a08016daefb188420fb32412f627e2029a1a2d7484a55afe6b1892ff31928626",
                "sha256:c62f3d50bf5070f89b94d79d83d1dca260eefd22a5b3a97eb1f3cd6a5a7b771c"
            ],
            "markers": "python_version >= '3.8'",
            "version": "==1.5.1"
        },
        "sympy": {
            "hashes": [
                "sha256:c3588cd4295d0c0f603d0f2ae780587e64e2efeedb3521e46b9bb1d08d184fa5",
                "sha256:ebf595c8dac3e0fdc4152c51878b498396ec7f30e7a914d6071e674d49420fb8"
            ],
            "markers": "python_version >= '3.8'",
            "version": "==1.12"
        },
        "torch": {
            "hashes": [
                "sha256:0952549bcb43448c8d860d5e3e947dd18cbab491b14638e21750cb3090d5ad3e",
                "sha256:0e8bdd4c77ac2584f33ee14c6cd3b12767b4da508ec4eed109520be7212d1069",
                "sha256:26bd2272ec46fc62dcf7d24b2fb284d44fcb7be9d529ebf336b9860350d674ed",
                "sha256:2d9e7e5ecbb002257cf98fae13003abbd620196c35f85c9e34c2adfb961321ec",
                "sha256:46085e328d9b738c261f470231e987930f4cc9472d9ffb7087c7a1343826ac51",
                "sha256:5297f13370fdaca05959134b26a06a7f232ae254bf2e11a50eddec62525c9006",
                "sha256:5c0c83aa7d94569997f1f474595e808072d80b04d34912ce6f1a0e1c24b0c12a",
                "sha256:5f5dee8433798888ca1415055f5e3faf28a3bad660e4c29e1014acd3275ab11a",
                "sha256:6a21bcd7076677c97ca7db7506d683e4e9db137e8420eb4a68fb67c3668232a7",
                "sha256:6ab3ea2e29d1aac962e905142bbe50943758f55292f1b4fdfb6f4792aae3323e",
                "sha256:77e990af75fb1675490deb374d36e726f84732cd5677d16f19124934b2409ce9",
                "sha256:79848f46196750367dcdf1d2132b722180b9d889571e14d579ae82d2f50596c5",
                "sha256:7ee804847be6be0032fbd2d1e6742fea2814c92bebccb177f0d3b8e92b2d2b18",
                "sha256:84b2fb322ab091039fdfe74e17442ff046b258eb5e513a28093152c5b07325a7",
                "sha256:8d3bad336dd2c93c6bcb3268e8e9876185bda50ebde325ef211fb565c7d15273",
                "sha256:8f93ddf3001ecec16568390b507652644a3a103baa72de3ad3b9c530e3277098",
                "sha256:91a1b598055ba06b2c386415d2e7f6ac818545e94c5def597a74754940188513",
                "sha256:ada53aebede1c89570e56861b08d12ba4518a1f8b82d467c32665ec4d1f4b3c8",
                "sha256:b6d78338acabf1fb2e88bf4559d837d30230cf9c3e4337261f4d83200df1fcbe",
                "sha256:be21d4c41ecebed9e99430dac87de1439a8c7882faf23bba7fea3fea7b906ac1",
                "sha256:c47bc25744c743f3835831a20efdcfd60aeb7c3f9804a213f61e45803d16c2a5",
                "sha256:d6227060f268894f92c61af0a44c0d8212e19cb98d05c20141c73312d923bc0a",
                "sha256:d86664ec85902967d902e78272e97d1aff1d331f7619d398d3ffab1c9b8e9157",
                "sha256:ed9e29eb94cd493b36bca9cb0b1fd7f06a0688215ad1e4b3ab4931726e0ec092",
                "sha256:f1b90ac61f862634039265cd0f746cc9879feee03ff962c803486301b778714b"
            ],
            "markers": "python_version >= '3.8'",
            "version": "==2.2.1"
        },
        "torchaudio": {
            "hashes": [
                "sha256:0339fe78ed9c29f704296761b28bb055b5350625ff503ad781704397934e6b58",
                "sha256:1e62c27b17672cc2bdd9663681e533000f9c0984e6a0f3d455f7051bc005bb02",
                "sha256:20b2965db4f843021636f53d3fab1075c3f8959c450c647629124d24c7e6cbb0",
                "sha256:2419387cf04d33047369337bf09c00c2a7673a8f52f80258454c7eca7d205d23",
                "sha256:2483c0620a68a136359ae90c893608ad5cd73091fb0351b94d33af126a0e3d67",
                "sha256:274cb8474bc1e56b768ef347d3188661c5a9d5e68e2df56fc0aff11cc73c916a",
                "sha256:281cd4bdb9e65c0618a028b809df9e06f9bd9592aeef8f2b37b4d8a788ce5f2b",
                "sha256:2c232dc8bee97d303b90833ba934d8905eb7326456236efcd9fa71ccb92fd363",
                "sha256:3962fea5d2511c9ab2b1dd515b45ec44d0c28e51f3b05c0b9fa7bbcc3c213bc1",
                "sha256:4bc43d11d9e086f0dfb29f6ea99517d8ec06fa80d97283f2c8b83c4cd467dd1a",
                "sha256:54996977ab1c875729e8dedc4695609ca58f876c23756c79979c6b50136b3385",
                "sha256:55d23986254f7af689695f3fc214c4aa3e73dc931289ecdba7262d73fea7af7a",
                "sha256:580eefd764a01a64d5b6aa260c0c47974be6a6964892d54029a73b17f4611fcd",
                "sha256:63dd0e840bcf2e4aceb7a98daccfaf7a2a5b3a927647b98bbef449b0b190f2cc",
                "sha256:68b1d9f8ffe9b26ef04e80d82ae2dc2f74b1a1eb64c3e8ad21b525802b3bc7ac",
                "sha256:7df7d5d9100116be38ff7b27b628820dca4a9e3fe79394605141d339e3b3e46d",
                "sha256:81ef88d7693e3b99007d1ee742fd81b9a92399ecbf88eb7ed69949443005ffba",
                "sha256:8ad55c2069b27bbe18e14783a202e3f3f8082fe9e59281436ba797edb0fc94d5",
                "sha256:a4462b3f214f60b6b8f78e12a4cf1291c9bc353deed709ac3dfdedbed513a7a3",
                "sha256:b916b7764698ba9319aa3b25519139892de8665d84438969bac5e1d8578c6a11",
                "sha256:bd389f33b7dbfc44e5f4070fc6db00cc560992bea8378a952889acfd772b7022",
                "sha256:bee5478ec2cb7d0eaa97023d817aa4914010e1ab0c266f64ef1b0db893aceb49",
                "sha256:cb2da08abb7b68dc7b0105748b1a736dd33329f841374013ec02c54e04bedf29",
                "sha256:d5af725a327b79f3bd8389c53ec51554ee003c18434fc47e68da49b09900132e",
                "sha256:f487a7d3177ae6af016750850ee93788e880218a1a310bc6c76901e212f91cd3"
            ],
            "version": "==2.2.1"
        },
        "tqdm": {
            "hashes": [
                "sha256:1ee4f8a893eb9bef51c6e35730cebf234d5d0b6bd112b0271e10ed7c24a02bd9",
                "sha256:6cd52cdf0fef0e0f543299cfc96fec90d7b8a7e88745f411ec33eb44d5ed3531"
            ],
            "markers": "python_version >= '3.7'",
            "version": "==4.66.2"
        },
        "treetable": {
            "hashes": [
                "sha256:29c95b797a8ecff4bb894cb7b103e39a78c905ab78a88a9a247de30c87743a2f"
            ],
            "markers": "python_full_version >= '3.6.0'",
            "version": "==0.2.5"
        },
        "typing-extensions": {
            "hashes": [
                "sha256:69b1a937c3a517342112fb4c6df7e72fc39a38e7891a5730ed4985b5214b5475",
                "sha256:b0abd7c89e8fb96f98db18d86106ff1d90ab692004eb746cf6eda2682f91b3cb"
            ],
            "markers": "python_version >= '3.8'",
            "version": "==4.10.0"
        }
    },
    "develop": {}
}
